# @generated by Move, please check-in and do not edit manually.

[move]
version = 3
manifest_digest = "D99080496EE19FE2D24321B879C6355D52933B1117ECD2B1CF3BD78ADD489A53"
deps_digest = "F8BBB0CCB2491CA29A3DF03D6F92277A4F3574266507ACD77214D37ECA3F3082"
dependencies = [
  { id = "Sui", name = "Sui" },
]

[[move.package]]
id = "MoveStdlib"
source = { git = "https://github.com/MystenLabs/sui.git", rev = "testnet", subdir = "crates/sui-framework/packages/move-stdlib" }

[[move.package]]
id = "Sui"
source = { git = "https://github.com/MystenLabs/sui.git", rev = "testnet", subdir = "crates/sui-framework/packages/sui-framework" }

dependencies = [
  { id = "MoveStdlib", name = "MoveStdlib" },
]

[move.toolchain-version]
compiler-version = "1.51.2"
edition = "2024"
flavor = "sui"

[env]

[env.testnet]
chain-id = "4c78adac"
original-published-id = "0x2766574215914a60a80eacb51ce46675dbd99e58fc6337faa39631c138f5fc4b"
latest-published-id = "0x2766574215914a60a80eacb51ce46675dbd99e58fc6337faa39631c138f5fc4b"
published-version = "1"
